{
  "version": 4,
  "terraform_version": "1.9.7",
  "serial": 21,
  "lineage": "0e4d3e0e-908d-6fe8-2c29-1005ac465a84",
  "outputs": {
    "accepter_instance_private_ip": {
      "value": "172.16.1.168",
      "type": "string"
    },
    "accepter_instance_public_ip": {
      "value": "54.172.95.178",
      "type": "string"
    },
    "requester_instance_private_ip": {
      "value": "10.0.1.60",
      "type": "string"
    },
    "requester_instance_public_ip": {
      "value": "44.203.94.170",
      "type": "string"
    }
  },
  "resources": [
    {
      "mode": "managed",
      "type": "aws_key_pair",
      "name": "generated_key",
      "provider": "provider[\"registry.terraform.io/hashicorp/aws\"]",
      "instances": [
        {
          "schema_version": 1,
          "attributes": {
            "arn": "arn:aws:ec2:us-east-1:537124953623:key-pair/my-key-pair",
            "fingerprint": "97:75:51:8d:21:62:e5:33:7c:fd:fe:ad:b4:49:41:ad",
            "id": "my-key-pair",
            "key_name": "my-key-pair",
            "key_name_prefix": "",
            "key_pair_id": "key-05d0fbdf6835d4f73",
            "key_type": "rsa",
            "public_key": "ssh-rsa AAAAB3NzaC1yc2EAAAADAQABAAABAQC7uKOJJDSOxc+2oKtsKv55wWu3b1pWjcHRAN90KF0zJhcZh+57PwQgiWOwKE5haolQ2x0AJH3KVwVgloougkRx422n62r5MASe3rwByzL59VcdPtV5TNktuKZgfHCstzy+BsDzd98qZcWoWsd/9gu7ZykI0nGQMsEDBh/aFAEm3n3STxV0nVefm229upugmN56LYHLQg/aAjHx1MVNbx3OhMvB5ZTyiN0zIWc7bU2h1qNOB+kMCg6hBwip8DKGTZoqbHOSzy6pFBP2e6yPfFPfqdUE9LVSBgwcqECBJIw4eivIYbHhO7xtUjoN/OLpw5jaVrV5VJuozsaV4kEczx4H",
            "tags": {
              "Name": "generated-key-pair"
            },
            "tags_all": {
              "Name": "generated-key-pair"
            }
          },
          "sensitive_attributes": [],
          "private": "eyJzY2hlbWFfdmVyc2lvbiI6IjEifQ==",
          "dependencies": [
            "tls_private_key.key_pair"
          ]
        }
      ]
    },
    {
      "mode": "managed",
      "type": "local_file",
      "name": "private_key",
      "provider": "provider[\"registry.terraform.io/hashicorp/local\"]",
      "instances": [
        {
          "schema_version": 0,
          "attributes": {
            "content": "-----BEGIN RSA PRIVATE KEY-----\nMIIEogIBAAKCAQEAu7ijiSQ0jsXPtqCrbCr+ecFrt29aVo3B0QDfdChdMyYXGYfu\nez8EIIljsChOYWqJUNsdACR9ylcFYJaKLoJEceNtp+tq+TAEnt68Acsy+fVXHT7V\neUzZLbimYHxwrLc8vgbA83ffKmXFqFrHf/YLu2cpCNJxkDLBAwYf2hQBJt590k8V\ndJ1Xn5ttvbqboJjeei2By0IP2gIx8dTFTW8dzoTLweWU8ojdMyFnO21NodajTgfp\nDAoOoQcIqfAyhk2aKmxzks8uqRQT9nusj3xT36nVBPS1UgYMHKhAgSSMOHoryGGx\n4Tu8bVI6Dfzi6cOY2la1eVSbqM7GleJBHM8eBwIDAQABAoIBAHRtbQhW6z4N0+la\nN1fMRq6vVyabKrV6EFaXqv+5NSzPGA6erzvDdsTTUX/lT8+9qtL6Qz9eYqJHXK9u\nTt/PrbHRM6atLVjF/memj4axR7md/9zEptQn5J8l4hL/u0Z0E3lsaOnYVBJQssnb\nG9byfI5LyjiNhR/BStKcTs8MDzbSQcSuGO1TJTczsrBVjIrVL1Op2ZtSmSMQz/p+\n3gMcXt8SxT7jFcTk8UFfkBEdqp/bHKi/LXSda2Gk71ifPfCSYF9PsczU13cVqCbk\nNU7du19P+602CDz/STOuYIpMc8xqK3sLku20yIM4FtkM1p8Q7URufqjosa4aMTuy\nY45S+JECgYEA1asZpF80lAT8TKYClCvCDdeWiEtXlbLb5QNaRiRDW9MGtjjJtaX8\njbetCdfuUraSneuJ2Qvr1u/O6bNA8rjiYJjAiISkHS8V/VP7vt4/B8iGG+Z7JAvY\nzTaPVs+TyN0QkEGPiNqMMM7zYmnHpWosYa6qui2W1GHgPjbBIQChGU8CgYEA4OmL\nbR6UL68Y7FOk4JaXrnmbUZC30YQxMizX8fT51sHSpAoHi0g5HHv8F817iwK1gPYQ\nnMPSD4QfZQIEem7QC7BrKP5+lF75CSwWGyh2dr20Milag8781+SlJUUHpvqCffl3\nJWv8k4+Ay43wlIH0kHNaL/B6rkZYyufdN6kcEckCgYAzbJueSN+hpFWIqQfD24g3\nxqRPJzrsJ4Du7FCkwwOHLRHXd3Fsi4duID/AN7z/ITvGUDL8Dvdy4oJ9EoxWHpM1\nRm5ILQxGjdeQAc98D4dB+0vzmRQYB9XlBfWXohviYvoijfTaribBdH11ORo4wIXv\n+JbUejZr5SaQMqNmqv0a1wKBgA6UFM2F5eURXHQ1F8LXAA33I/Ithzy1bNrrvTOZ\nxXf+KEEpxUNp8wm9n6GLWC6yhkFNsdX3e242CjLp5pBpDmMzlD6cAGhtn4bQrL4l\n6UfZFA0MUSmqCQmVcH7x8oUIR90Shn6OeVi3PIn1MVru8YNLdtUUqV8SgD7muJgb\nBg7BAoGAd51maqzjC+iTbd2sHYhpZi+6df6rrJQiZtuAnMvtASbHdktGyMPyoAtU\ngo+UaCBGf2/wOtD6dDCjvoK9pTiQeCDjQSHE7AL3JiZptcBX1K2ng8pySO2zF79f\npYkJoIePDnJjr7Zjl2NLwz1k0lMr5wgxjvZ/wtxO5YSyabkPshk=\n-----END RSA PRIVATE KEY-----\n",
            "content_base64": null,
            "content_base64sha256": "jjnQIlwI6rUqviO50b/sUZTw/qzeSdpolwR7E22BbXY=",
            "content_base64sha512": "VbS9dk2bglfboCsyYGnWVBwi1Qg7ZGa3cdPcGkUKbC2P9aq1RL+cDNQA6zP0Q6os0UsVNcZ9EM4voiV+zChs3g==",
            "content_md5": "0c2cacdff3fcd67f81626d85d7c0a51d",
            "content_sha1": "fd699bc11c3aaef8b2e837f8295174ffcda50ae7",
            "content_sha256": "8e39d0225c08eab52abe23b9d1bfec5194f0feacde49da6897047b136d816d76",
            "content_sha512": "55b4bd764d9b8257dba02b326069d6541c22d5083b6466b771d3dc1a450a6c2d8ff5aab544bf9c0cd400eb33f443aa2cd14b1535c67d10ce2fa2257ecc286cde",
            "directory_permission": "0777",
            "file_permission": "0600",
            "filename": "my-key-pair.pem",
            "id": "fd699bc11c3aaef8b2e837f8295174ffcda50ae7",
            "sensitive_content": null,
            "source": null
          },
          "sensitive_attributes": [
            [
              {
                "type": "get_attr",
                "value": "sensitive_content"
              }
            ],
            [
              {
                "type": "get_attr",
                "value": "content"
              }
            ]
          ],
          "dependencies": [
            "tls_private_key.key_pair"
          ]
        }
      ]
    },
    {
      "mode": "managed",
      "type": "tls_private_key",
      "name": "key_pair",
      "provider": "provider[\"registry.terraform.io/hashicorp/tls\"]",
      "instances": [
        {
          "schema_version": 1,
          "attributes": {
            "algorithm": "RSA",
            "ecdsa_curve": "P224",
            "id": "22053ce9d7b0268f78e2b07340defaba9248b980",
            "private_key_openssh": "-----BEGIN OPENSSH PRIVATE KEY-----\nb3BlbnNzaC1rZXktdjEAAAAABG5vbmUAAAAEbm9uZQAAAAAAAAABAAABFwAAAAdz\nc2gtcnNhAAAAAwEAAQAAAQEAu7ijiSQ0jsXPtqCrbCr+ecFrt29aVo3B0QDfdChd\nMyYXGYfuez8EIIljsChOYWqJUNsdACR9ylcFYJaKLoJEceNtp+tq+TAEnt68Acsy\n+fVXHT7VeUzZLbimYHxwrLc8vgbA83ffKmXFqFrHf/YLu2cpCNJxkDLBAwYf2hQB\nJt590k8VdJ1Xn5ttvbqboJjeei2By0IP2gIx8dTFTW8dzoTLweWU8ojdMyFnO21N\nodajTgfpDAoOoQcIqfAyhk2aKmxzks8uqRQT9nusj3xT36nVBPS1UgYMHKhAgSSM\nOHoryGGx4Tu8bVI6Dfzi6cOY2la1eVSbqM7GleJBHM8eBwAAA7gpLW9bKS1vWwAA\nAAdzc2gtcnNhAAABAQC7uKOJJDSOxc+2oKtsKv55wWu3b1pWjcHRAN90KF0zJhcZ\nh+57PwQgiWOwKE5haolQ2x0AJH3KVwVgloougkRx422n62r5MASe3rwByzL59Vcd\nPtV5TNktuKZgfHCstzy+BsDzd98qZcWoWsd/9gu7ZykI0nGQMsEDBh/aFAEm3n3S\nTxV0nVefm229upugmN56LYHLQg/aAjHx1MVNbx3OhMvB5ZTyiN0zIWc7bU2h1qNO\nB+kMCg6hBwip8DKGTZoqbHOSzy6pFBP2e6yPfFPfqdUE9LVSBgwcqECBJIw4eivI\nYbHhO7xtUjoN/OLpw5jaVrV5VJuozsaV4kEczx4HAAAAAwEAAQAAAQB0bW0IVus+\nDdPpWjdXzEaur1cmmyq1ehBWl6r/uTUszxgOnq87w3bE01F/5U/PvarS+kM/XmKi\nR1yvbk7fz62x0TOmrS1Yxf5npo+GsUe5nf/cxKbUJ+SfJeIS/7tGdBN5bGjp2FQS\nULLJ2xvW8nyOS8o4jYUfwUrSnE7PDA820kHErhjtUyU3M7KwVYyK1S9TqdmbUpkj\nEM/6ft4DHF7fEsU+4xXE5PFBX5ARHaqf2xyovy10nWthpO9Ynz3wkmBfT7HM1Nd3\nFagm5DVO3btfT/utNgg8/0kzrmCKTHPMait7C5LttMiDOBbZDNafEO1Ebn6o6LGu\nGjE7smOOUviRAAAAgHedZmqs4wvok23drB2IaWYvunX+q6yUImbbgJzL7QEmx3ZL\nRsjD8qALVIKPlGggRn9v8DrQ+nQwo76CvaU4kHgg40EhxOwC9yYmabXAV9Stp4PK\nckjtsxe/X6WJCaCHjw5yY6+2Y5djS8M9ZNJTK+cIMY72f8LcTuWEsmm5D7IZAAAA\ngQDVqxmkXzSUBPxMpgKUK8IN15aIS1eVstvlA1pGJENb0wa2OMm1pfyNt60J1+5S\ntpKd64nZC+vW787ps0DyuOJgmMCIhKQdLxX9U/u+3j8HyIYb5nskC9jNNo9Wz5PI\n3RCQQY+I2owwzvNiacelaixhrqq6LZbUYeA+NsEhAKEZTwAAAIEA4OmLbR6UL68Y\n7FOk4JaXrnmbUZC30YQxMizX8fT51sHSpAoHi0g5HHv8F817iwK1gPYQnMPSD4Qf\nZQIEem7QC7BrKP5+lF75CSwWGyh2dr20Milag8781+SlJUUHpvqCffl3JWv8k4+A\ny43wlIH0kHNaL/B6rkZYyufdN6kcEckAAAAAAQID\n-----END OPENSSH PRIVATE KEY-----\n",
            "private_key_pem": "-----BEGIN RSA PRIVATE KEY-----\nMIIEogIBAAKCAQEAu7ijiSQ0jsXPtqCrbCr+ecFrt29aVo3B0QDfdChdMyYXGYfu\nez8EIIljsChOYWqJUNsdACR9ylcFYJaKLoJEceNtp+tq+TAEnt68Acsy+fVXHT7V\neUzZLbimYHxwrLc8vgbA83ffKmXFqFrHf/YLu2cpCNJxkDLBAwYf2hQBJt590k8V\ndJ1Xn5ttvbqboJjeei2By0IP2gIx8dTFTW8dzoTLweWU8ojdMyFnO21NodajTgfp\nDAoOoQcIqfAyhk2aKmxzks8uqRQT9nusj3xT36nVBPS1UgYMHKhAgSSMOHoryGGx\n4Tu8bVI6Dfzi6cOY2la1eVSbqM7GleJBHM8eBwIDAQABAoIBAHRtbQhW6z4N0+la\nN1fMRq6vVyabKrV6EFaXqv+5NSzPGA6erzvDdsTTUX/lT8+9qtL6Qz9eYqJHXK9u\nTt/PrbHRM6atLVjF/memj4axR7md/9zEptQn5J8l4hL/u0Z0E3lsaOnYVBJQssnb\nG9byfI5LyjiNhR/BStKcTs8MDzbSQcSuGO1TJTczsrBVjIrVL1Op2ZtSmSMQz/p+\n3gMcXt8SxT7jFcTk8UFfkBEdqp/bHKi/LXSda2Gk71ifPfCSYF9PsczU13cVqCbk\nNU7du19P+602CDz/STOuYIpMc8xqK3sLku20yIM4FtkM1p8Q7URufqjosa4aMTuy\nY45S+JECgYEA1asZpF80lAT8TKYClCvCDdeWiEtXlbLb5QNaRiRDW9MGtjjJtaX8\njbetCdfuUraSneuJ2Qvr1u/O6bNA8rjiYJjAiISkHS8V/VP7vt4/B8iGG+Z7JAvY\nzTaPVs+TyN0QkEGPiNqMMM7zYmnHpWosYa6qui2W1GHgPjbBIQChGU8CgYEA4OmL\nbR6UL68Y7FOk4JaXrnmbUZC30YQxMizX8fT51sHSpAoHi0g5HHv8F817iwK1gPYQ\nnMPSD4QfZQIEem7QC7BrKP5+lF75CSwWGyh2dr20Milag8781+SlJUUHpvqCffl3\nJWv8k4+Ay43wlIH0kHNaL/B6rkZYyufdN6kcEckCgYAzbJueSN+hpFWIqQfD24g3\nxqRPJzrsJ4Du7FCkwwOHLRHXd3Fsi4duID/AN7z/ITvGUDL8Dvdy4oJ9EoxWHpM1\nRm5ILQxGjdeQAc98D4dB+0vzmRQYB9XlBfWXohviYvoijfTaribBdH11ORo4wIXv\n+JbUejZr5SaQMqNmqv0a1wKBgA6UFM2F5eURXHQ1F8LXAA33I/Ithzy1bNrrvTOZ\nxXf+KEEpxUNp8wm9n6GLWC6yhkFNsdX3e242CjLp5pBpDmMzlD6cAGhtn4bQrL4l\n6UfZFA0MUSmqCQmVcH7x8oUIR90Shn6OeVi3PIn1MVru8YNLdtUUqV8SgD7muJgb\nBg7BAoGAd51maqzjC+iTbd2sHYhpZi+6df6rrJQiZtuAnMvtASbHdktGyMPyoAtU\ngo+UaCBGf2/wOtD6dDCjvoK9pTiQeCDjQSHE7AL3JiZptcBX1K2ng8pySO2zF79f\npYkJoIePDnJjr7Zjl2NLwz1k0lMr5wgxjvZ/wtxO5YSyabkPshk=\n-----END RSA PRIVATE KEY-----\n",
            "private_key_pem_pkcs8": "-----BEGIN PRIVATE KEY-----\nMIIEvAIBADANBgkqhkiG9w0BAQEFAASCBKYwggSiAgEAAoIBAQC7uKOJJDSOxc+2\noKtsKv55wWu3b1pWjcHRAN90KF0zJhcZh+57PwQgiWOwKE5haolQ2x0AJH3KVwVg\nloougkRx422n62r5MASe3rwByzL59VcdPtV5TNktuKZgfHCstzy+BsDzd98qZcWo\nWsd/9gu7ZykI0nGQMsEDBh/aFAEm3n3STxV0nVefm229upugmN56LYHLQg/aAjHx\n1MVNbx3OhMvB5ZTyiN0zIWc7bU2h1qNOB+kMCg6hBwip8DKGTZoqbHOSzy6pFBP2\ne6yPfFPfqdUE9LVSBgwcqECBJIw4eivIYbHhO7xtUjoN/OLpw5jaVrV5VJuozsaV\n4kEczx4HAgMBAAECggEAdG1tCFbrPg3T6Vo3V8xGrq9XJpsqtXoQVpeq/7k1LM8Y\nDp6vO8N2xNNRf+VPz72q0vpDP15iokdcr25O38+tsdEzpq0tWMX+Z6aPhrFHuZ3/\n3MSm1CfknyXiEv+7RnQTeWxo6dhUElCyydsb1vJ8jkvKOI2FH8FK0pxOzwwPNtJB\nxK4Y7VMlNzOysFWMitUvU6nZm1KZIxDP+n7eAxxe3xLFPuMVxOTxQV+QER2qn9sc\nqL8tdJ1rYaTvWJ898JJgX0+xzNTXdxWoJuQ1Tt27X0/7rTYIPP9JM65gikxzzGor\newuS7bTIgzgW2QzWnxDtRG5+qOixrhoxO7JjjlL4kQKBgQDVqxmkXzSUBPxMpgKU\nK8IN15aIS1eVstvlA1pGJENb0wa2OMm1pfyNt60J1+5StpKd64nZC+vW787ps0Dy\nuOJgmMCIhKQdLxX9U/u+3j8HyIYb5nskC9jNNo9Wz5PI3RCQQY+I2owwzvNiacel\naixhrqq6LZbUYeA+NsEhAKEZTwKBgQDg6YttHpQvrxjsU6TglpeueZtRkLfRhDEy\nLNfx9PnWwdKkCgeLSDkce/wXzXuLArWA9hCcw9IPhB9lAgR6btALsGso/n6UXvkJ\nLBYbKHZ2vbQyKVqDzvzX5KUlRQem+oJ9+Xcla/yTj4DLjfCUgfSQc1ov8HquRljK\n5903qRwRyQKBgDNsm55I36GkVYipB8PbiDfGpE8nOuwngO7sUKTDA4ctEdd3cWyL\nh24gP8A3vP8hO8ZQMvwO93Lign0SjFYekzVGbkgtDEaN15ABz3wPh0H7S/OZFBgH\n1eUF9ZeiG+Ji+iKN9NquJsF0fXU5GjjAhe/4ltR6NmvlJpAyo2aq/RrXAoGADpQU\nzYXl5RFcdDUXwtcADfcj8i2HPLVs2uu9M5nFd/4oQSnFQ2nzCb2foYtYLrKGQU2x\n1fd7bjYKMunmkGkOYzOUPpwAaG2fhtCsviXpR9kUDQxRKaoJCZVwfvHyhQhH3RKG\nfo55WLc8ifUxWu7xg0t21RSpXxKAPua4mBsGDsECgYB3nWZqrOML6JNt3awdiGlm\nL7p1/quslCJm24Ccy+0BJsd2S0bIw/KgC1SCj5RoIEZ/b/A60Pp0MKO+gr2lOJB4\nIONBIcTsAvcmJmm1wFfUraeDynJI7bMXv1+liQmgh48OcmOvtmOXY0vDPWTSUyvn\nCDGO9n/C3E7lhLJpuQ+yGQ==\n-----END PRIVATE KEY-----\n",
            "public_key_fingerprint_md5": "d1:a9:d6:9f:40:e7:40:52:77:fd:fd:20:c4:b3:ef:6f",
            "public_key_fingerprint_sha256": "SHA256:+kxBG/IB3NjoZ6da/T0SSMgLSAl2PEooNkg4q9eWCW8",
            "public_key_openssh": "ssh-rsa AAAAB3NzaC1yc2EAAAADAQABAAABAQC7uKOJJDSOxc+2oKtsKv55wWu3b1pWjcHRAN90KF0zJhcZh+57PwQgiWOwKE5haolQ2x0AJH3KVwVgloougkRx422n62r5MASe3rwByzL59VcdPtV5TNktuKZgfHCstzy+BsDzd98qZcWoWsd/9gu7ZykI0nGQMsEDBh/aFAEm3n3STxV0nVefm229upugmN56LYHLQg/aAjHx1MVNbx3OhMvB5ZTyiN0zIWc7bU2h1qNOB+kMCg6hBwip8DKGTZoqbHOSzy6pFBP2e6yPfFPfqdUE9LVSBgwcqECBJIw4eivIYbHhO7xtUjoN/OLpw5jaVrV5VJuozsaV4kEczx4H\n",
            "public_key_pem": "-----BEGIN PUBLIC KEY-----\nMIIBIjANBgkqhkiG9w0BAQEFAAOCAQ8AMIIBCgKCAQEAu7ijiSQ0jsXPtqCrbCr+\necFrt29aVo3B0QDfdChdMyYXGYfuez8EIIljsChOYWqJUNsdACR9ylcFYJaKLoJE\nceNtp+tq+TAEnt68Acsy+fVXHT7VeUzZLbimYHxwrLc8vgbA83ffKmXFqFrHf/YL\nu2cpCNJxkDLBAwYf2hQBJt590k8VdJ1Xn5ttvbqboJjeei2By0IP2gIx8dTFTW8d\nzoTLweWU8ojdMyFnO21NodajTgfpDAoOoQcIqfAyhk2aKmxzks8uqRQT9nusj3xT\n36nVBPS1UgYMHKhAgSSMOHoryGGx4Tu8bVI6Dfzi6cOY2la1eVSbqM7GleJBHM8e\nBwIDAQAB\n-----END PUBLIC KEY-----\n",
            "rsa_bits": 2048
          },
          "sensitive_attributes": [
            [
              {
                "type": "get_attr",
                "value": "private_key_openssh"
              }
            ],
            [
              {
                "type": "get_attr",
                "value": "private_key_pem"
              }
            ],
            [
              {
                "type": "get_attr",
                "value": "private_key_pem_pkcs8"
              }
            ]
          ]
        }
      ]
    },
    {
      "module": "module.accepter_instance",
      "mode": "managed",
      "type": "aws_instance",
      "name": "ec2_instance",
      "provider": "provider[\"registry.terraform.io/hashicorp/aws\"]",
      "instances": [
        {
          "schema_version": 1,
          "attributes": {
            "ami": "ami-0453ec754f44f9a4a",
            "arn": "arn:aws:ec2:us-east-1:537124953623:instance/i-05bb3a0cca4c030df",
            "associate_public_ip_address": true,
            "availability_zone": "us-east-1b",
            "capacity_reservation_specification": [
              {
                "capacity_reservation_preference": "open",
                "capacity_reservation_target": []
              }
            ],
            "cpu_core_count": 1,
            "cpu_options": [
              {
                "amd_sev_snp": "",
                "core_count": 1,
                "threads_per_core": 1
              }
            ],
            "cpu_threads_per_core": 1,
            "credit_specification": [
              {
                "cpu_credits": "standard"
              }
            ],
            "disable_api_stop": false,
            "disable_api_termination": false,
            "ebs_block_device": [],
            "ebs_optimized": false,
            "enclave_options": [
              {
                "enabled": false
              }
            ],
            "ephemeral_block_device": [],
            "get_password_data": false,
            "hibernation": false,
            "host_id": "",
            "host_resource_group_arn": null,
            "iam_instance_profile": "",
            "id": "i-05bb3a0cca4c030df",
            "instance_initiated_shutdown_behavior": "stop",
            "instance_lifecycle": "",
            "instance_market_options": [],
            "instance_state": "running",
            "instance_type": "t2.micro",
            "ipv6_address_count": 0,
            "ipv6_addresses": [],
            "key_name": "my-key-pair",
            "launch_template": [],
            "maintenance_options": [
              {
                "auto_recovery": "default"
              }
            ],
            "metadata_options": [
              {
                "http_endpoint": "enabled",
                "http_protocol_ipv6": "disabled",
                "http_put_response_hop_limit": 2,
                "http_tokens": "required",
                "instance_metadata_tags": "disabled"
              }
            ],
            "monitoring": false,
            "network_interface": [],
            "outpost_arn": "",
            "password_data": "",
            "placement_group": "",
            "placement_partition_number": 0,
            "primary_network_interface_id": "eni-006fd07c7e5e9406a",
            "private_dns": "ip-172-16-1-168.ec2.internal",
            "private_dns_name_options": [
              {
                "enable_resource_name_dns_a_record": false,
                "enable_resource_name_dns_aaaa_record": false,
                "hostname_type": "ip-name"
              }
            ],
            "private_ip": "172.16.1.168",
            "public_dns": "ec2-54-172-95-178.compute-1.amazonaws.com",
            "public_ip": "54.172.95.178",
            "root_block_device": [
              {
                "delete_on_termination": true,
                "device_name": "/dev/xvda",
                "encrypted": false,
                "iops": 3000,
                "kms_key_id": "",
                "tags": {},
                "tags_all": {},
                "throughput": 125,
                "volume_id": "vol-0bf2e52b5626a01cf",
                "volume_size": 8,
                "volume_type": "gp3"
              }
            ],
            "secondary_private_ips": [],
            "security_groups": [],
            "source_dest_check": true,
            "spot_instance_request_id": "",
            "subnet_id": "subnet-0cff8309c49acfae4",
            "tags": {
              "Name": "accepter-instance"
            },
            "tags_all": {
              "Name": "accepter-instance"
            },
            "tenancy": "default",
            "timeouts": null,
            "user_data": null,
            "user_data_base64": null,
            "user_data_replace_on_change": false,
            "volume_tags": null,
            "vpc_security_group_ids": [
              "sg-02f3a31059e8f8026"
            ]
          },
          "sensitive_attributes": [],
          "private": "eyJlMmJmYjczMC1lY2FhLTExZTYtOGY4OC0zNDM2M2JjN2M0YzAiOnsiY3JlYXRlIjo2MDAwMDAwMDAwMDAsImRlbGV0ZSI6MTIwMDAwMDAwMDAwMCwicmVhZCI6OTAwMDAwMDAwMDAwLCJ1cGRhdGUiOjYwMDAwMDAwMDAwMH0sInNjaGVtYV92ZXJzaW9uIjoiMSJ9",
          "dependencies": [
            "module.accepter_instance.aws_security_group.instance_sg",
            "module.vpc_accepter.aws_subnet.public_subnet",
            "module.vpc_accepter.aws_vpc.vpc"
          ]
        }
      ]
    },
    {
      "module": "module.accepter_instance",
      "mode": "managed",
      "type": "aws_security_group",
      "name": "instance_sg",
      "provider": "provider[\"registry.terraform.io/hashicorp/aws\"]",
      "instances": [
        {
          "schema_version": 1,
          "attributes": {
            "arn": "arn:aws:ec2:us-east-1:537124953623:security-group/sg-02f3a31059e8f8026",
            "description": "Security group for accepter-instance",
            "egress": [
              {
                "cidr_blocks": [
                  "0.0.0.0/0"
                ],
                "description": "",
                "from_port": 0,
                "ipv6_cidr_blocks": [],
                "prefix_list_ids": [],
                "protocol": "-1",
                "security_groups": [],
                "self": false,
                "to_port": 0
              }
            ],
            "id": "sg-02f3a31059e8f8026",
            "ingress": [
              {
                "cidr_blocks": [
                  "0.0.0.0/0"
                ],
                "description": "",
                "from_port": 22,
                "ipv6_cidr_blocks": [],
                "prefix_list_ids": [],
                "protocol": "tcp",
                "security_groups": [],
                "self": false,
                "to_port": 22
              },
              {
                "cidr_blocks": [
                  "10.0.0.0/16"
                ],
                "description": "",
                "from_port": -1,
                "ipv6_cidr_blocks": [],
                "prefix_list_ids": [],
                "protocol": "icmp",
                "security_groups": [],
                "self": false,
                "to_port": -1
              }
            ],
            "name": "accepter-instance-sg",
            "name_prefix": "",
            "owner_id": "537124953623",
            "revoke_rules_on_delete": false,
            "tags": {
              "Name": "accepter-instance-sg"
            },
            "tags_all": {
              "Name": "accepter-instance-sg"
            },
            "timeouts": null,
            "vpc_id": "vpc-06d281b4e94f1994a"
          },
          "sensitive_attributes": [],
          "private": "eyJlMmJmYjczMC1lY2FhLTExZTYtOGY4OC0zNDM2M2JjN2M0YzAiOnsiY3JlYXRlIjo2MDAwMDAwMDAwMDAsImRlbGV0ZSI6OTAwMDAwMDAwMDAwfSwic2NoZW1hX3ZlcnNpb24iOiIxIn0=",
          "dependencies": [
            "module.vpc_accepter.aws_vpc.vpc"
          ]
        }
      ]
    },
    {
      "module": "module.requester_instance",
      "mode": "managed",
      "type": "aws_instance",
      "name": "ec2_instance",
      "provider": "provider[\"registry.terraform.io/hashicorp/aws\"]",
      "instances": [
        {
          "schema_version": 1,
          "attributes": {
            "ami": "ami-0453ec754f44f9a4a",
            "arn": "arn:aws:ec2:us-east-1:537124953623:instance/i-0cca443c569b92dcf",
            "associate_public_ip_address": true,
            "availability_zone": "us-east-1a",
            "capacity_reservation_specification": [
              {
                "capacity_reservation_preference": "open",
                "capacity_reservation_target": []
              }
            ],
            "cpu_core_count": 1,
            "cpu_options": [
              {
                "amd_sev_snp": "",
                "core_count": 1,
                "threads_per_core": 1
              }
            ],
            "cpu_threads_per_core": 1,
            "credit_specification": [
              {
                "cpu_credits": "standard"
              }
            ],
            "disable_api_stop": false,
            "disable_api_termination": false,
            "ebs_block_device": [],
            "ebs_optimized": false,
            "enclave_options": [
              {
                "enabled": false
              }
            ],
            "ephemeral_block_device": [],
            "get_password_data": false,
            "hibernation": false,
            "host_id": "",
            "host_resource_group_arn": null,
            "iam_instance_profile": "",
            "id": "i-0cca443c569b92dcf",
            "instance_initiated_shutdown_behavior": "stop",
            "instance_lifecycle": "",
            "instance_market_options": [],
            "instance_state": "running",
            "instance_type": "t2.micro",
            "ipv6_address_count": 0,
            "ipv6_addresses": [],
            "key_name": "my-key-pair",
            "launch_template": [],
            "maintenance_options": [
              {
                "auto_recovery": "default"
              }
            ],
            "metadata_options": [
              {
                "http_endpoint": "enabled",
                "http_protocol_ipv6": "disabled",
                "http_put_response_hop_limit": 2,
                "http_tokens": "required",
                "instance_metadata_tags": "disabled"
              }
            ],
            "monitoring": false,
            "network_interface": [],
            "outpost_arn": "",
            "password_data": "",
            "placement_group": "",
            "placement_partition_number": 0,
            "primary_network_interface_id": "eni-0a5e370684bfb7054",
            "private_dns": "ip-10-0-1-60.ec2.internal",
            "private_dns_name_options": [
              {
                "enable_resource_name_dns_a_record": false,
                "enable_resource_name_dns_aaaa_record": false,
                "hostname_type": "ip-name"
              }
            ],
            "private_ip": "10.0.1.60",
            "public_dns": "ec2-44-203-94-170.compute-1.amazonaws.com",
            "public_ip": "44.203.94.170",
            "root_block_device": [
              {
                "delete_on_termination": true,
                "device_name": "/dev/xvda",
                "encrypted": false,
                "iops": 3000,
                "kms_key_id": "",
                "tags": {},
                "tags_all": {},
                "throughput": 125,
                "volume_id": "vol-03f8efa0da2809b35",
                "volume_size": 8,
                "volume_type": "gp3"
              }
            ],
            "secondary_private_ips": [],
            "security_groups": [],
            "source_dest_check": true,
            "spot_instance_request_id": "",
            "subnet_id": "subnet-04b577a87dad500ea",
            "tags": {
              "Name": "requester-instance"
            },
            "tags_all": {
              "Name": "requester-instance"
            },
            "tenancy": "default",
            "timeouts": null,
            "user_data": null,
            "user_data_base64": null,
            "user_data_replace_on_change": false,
            "volume_tags": null,
            "vpc_security_group_ids": [
              "sg-0b3ca89e210f5b7df"
            ]
          },
          "sensitive_attributes": [],
          "private": "eyJlMmJmYjczMC1lY2FhLTExZTYtOGY4OC0zNDM2M2JjN2M0YzAiOnsiY3JlYXRlIjo2MDAwMDAwMDAwMDAsImRlbGV0ZSI6MTIwMDAwMDAwMDAwMCwicmVhZCI6OTAwMDAwMDAwMDAwLCJ1cGRhdGUiOjYwMDAwMDAwMDAwMH0sInNjaGVtYV92ZXJzaW9uIjoiMSJ9",
          "dependencies": [
            "module.requester_instance.aws_security_group.instance_sg",
            "module.vpc_requester.aws_subnet.public_subnet",
            "module.vpc_requester.aws_vpc.vpc"
          ]
        }
      ]
    },
    {
      "module": "module.requester_instance",
      "mode": "managed",
      "type": "aws_security_group",
      "name": "instance_sg",
      "provider": "provider[\"registry.terraform.io/hashicorp/aws\"]",
      "instances": [
        {
          "schema_version": 1,
          "attributes": {
            "arn": "arn:aws:ec2:us-east-1:537124953623:security-group/sg-0b3ca89e210f5b7df",
            "description": "Security group for requester-instance",
            "egress": [
              {
                "cidr_blocks": [
                  "0.0.0.0/0"
                ],
                "description": "",
                "from_port": 0,
                "ipv6_cidr_blocks": [],
                "prefix_list_ids": [],
                "protocol": "-1",
                "security_groups": [],
                "self": false,
                "to_port": 0
              }
            ],
            "id": "sg-0b3ca89e210f5b7df",
            "ingress": [
              {
                "cidr_blocks": [
                  "0.0.0.0/0"
                ],
                "description": "",
                "from_port": 22,
                "ipv6_cidr_blocks": [],
                "prefix_list_ids": [],
                "protocol": "tcp",
                "security_groups": [],
                "self": false,
                "to_port": 22
              },
              {
                "cidr_blocks": [
                  "172.16.0.0/16"
                ],
                "description": "",
                "from_port": -1,
                "ipv6_cidr_blocks": [],
                "prefix_list_ids": [],
                "protocol": "icmp",
                "security_groups": [],
                "self": false,
                "to_port": -1
              }
            ],
            "name": "requester-instance-sg",
            "name_prefix": "",
            "owner_id": "537124953623",
            "revoke_rules_on_delete": false,
            "tags": {
              "Name": "requester-instance-sg"
            },
            "tags_all": {
              "Name": "requester-instance-sg"
            },
            "timeouts": null,
            "vpc_id": "vpc-0d9b7dcadd079b515"
          },
          "sensitive_attributes": [],
          "private": "eyJlMmJmYjczMC1lY2FhLTExZTYtOGY4OC0zNDM2M2JjN2M0YzAiOnsiY3JlYXRlIjo2MDAwMDAwMDAwMDAsImRlbGV0ZSI6OTAwMDAwMDAwMDAwfSwic2NoZW1hX3ZlcnNpb24iOiIxIn0=",
          "dependencies": [
            "module.vpc_requester.aws_vpc.vpc"
          ]
        }
      ]
    },
    {
      "module": "module.vpc_accepter",
      "mode": "managed",
      "type": "aws_internet_gateway",
      "name": "igw",
      "provider": "provider[\"registry.terraform.io/hashicorp/aws\"]",
      "instances": [
        {
          "schema_version": 0,
          "attributes": {
            "arn": "arn:aws:ec2:us-east-1:537124953623:internet-gateway/igw-02cb67a0104646e2f",
            "id": "igw-02cb67a0104646e2f",
            "owner_id": "537124953623",
            "tags": {
              "Name": "accepter-vpc-igw"
            },
            "tags_all": {
              "Name": "accepter-vpc-igw"
            },
            "timeouts": null,
            "vpc_id": "vpc-06d281b4e94f1994a"
          },
          "sensitive_attributes": [],
          "private": "eyJlMmJmYjczMC1lY2FhLTExZTYtOGY4OC0zNDM2M2JjN2M0YzAiOnsiY3JlYXRlIjoxMjAwMDAwMDAwMDAwLCJkZWxldGUiOjEyMDAwMDAwMDAwMDAsInVwZGF0ZSI6MTIwMDAwMDAwMDAwMH19",
          "dependencies": [
            "module.vpc_accepter.aws_vpc.vpc"
          ]
        }
      ]
    },
    {
      "module": "module.vpc_accepter",
      "mode": "managed",
      "type": "aws_route_table",
      "name": "public",
      "provider": "provider[\"registry.terraform.io/hashicorp/aws\"]",
      "instances": [
        {
          "schema_version": 0,
          "attributes": {
            "arn": "arn:aws:ec2:us-east-1:537124953623:route-table/rtb-0d6cfa4939c81752c",
            "id": "rtb-0d6cfa4939c81752c",
            "owner_id": "537124953623",
            "propagating_vgws": [],
            "route": [
              {
                "carrier_gateway_id": "",
                "cidr_block": "0.0.0.0/0",
                "core_network_arn": "",
                "destination_prefix_list_id": "",
                "egress_only_gateway_id": "",
                "gateway_id": "igw-02cb67a0104646e2f",
                "ipv6_cidr_block": "",
                "local_gateway_id": "",
                "nat_gateway_id": "",
                "network_interface_id": "",
                "transit_gateway_id": "",
                "vpc_endpoint_id": "",
                "vpc_peering_connection_id": ""
              }
            ],
            "tags": {
              "Name": "accepter-vpc-public-rt"
            },
            "tags_all": {
              "Name": "accepter-vpc-public-rt"
            },
            "timeouts": null,
            "vpc_id": "vpc-06d281b4e94f1994a"
          },
          "sensitive_attributes": [],
          "private": "eyJlMmJmYjczMC1lY2FhLTExZTYtOGY4OC0zNDM2M2JjN2M0YzAiOnsiY3JlYXRlIjozMDAwMDAwMDAwMDAsImRlbGV0ZSI6MzAwMDAwMDAwMDAwLCJ1cGRhdGUiOjEyMDAwMDAwMDAwMH19",
          "dependencies": [
            "module.vpc_accepter.aws_internet_gateway.igw",
            "module.vpc_accepter.aws_vpc.vpc"
          ]
        }
      ]
    },
    {
      "module": "module.vpc_accepter",
      "mode": "managed",
      "type": "aws_route_table_association",
      "name": "public",
      "provider": "provider[\"registry.terraform.io/hashicorp/aws\"]",
      "instances": [
        {
          "schema_version": 0,
          "attributes": {
            "gateway_id": "",
            "id": "rtbassoc-0d43c22fff5ae4e65",
            "route_table_id": "rtb-0d6cfa4939c81752c",
            "subnet_id": "subnet-0cff8309c49acfae4",
            "timeouts": null
          },
          "sensitive_attributes": [],
          "private": "eyJlMmJmYjczMC1lY2FhLTExZTYtOGY4OC0zNDM2M2JjN2M0YzAiOnsiY3JlYXRlIjozMDAwMDAwMDAwMDAsImRlbGV0ZSI6MzAwMDAwMDAwMDAwLCJ1cGRhdGUiOjEyMDAwMDAwMDAwMH19",
          "dependencies": [
            "module.vpc_accepter.aws_internet_gateway.igw",
            "module.vpc_accepter.aws_route_table.public",
            "module.vpc_accepter.aws_subnet.public_subnet",
            "module.vpc_accepter.aws_vpc.vpc"
          ]
        }
      ]
    },
    {
      "module": "module.vpc_accepter",
      "mode": "managed",
      "type": "aws_subnet",
      "name": "public_subnet",
      "provider": "provider[\"registry.terraform.io/hashicorp/aws\"]",
      "instances": [
        {
          "schema_version": 1,
          "attributes": {
            "arn": "arn:aws:ec2:us-east-1:537124953623:subnet/subnet-0cff8309c49acfae4",
            "assign_ipv6_address_on_creation": false,
            "availability_zone": "us-east-1b",
            "availability_zone_id": "use1-az4",
            "cidr_block": "172.16.1.0/24",
            "customer_owned_ipv4_pool": "",
            "enable_dns64": false,
            "enable_lni_at_device_index": 0,
            "enable_resource_name_dns_a_record_on_launch": false,
            "enable_resource_name_dns_aaaa_record_on_launch": false,
            "id": "subnet-0cff8309c49acfae4",
            "ipv6_cidr_block": "",
            "ipv6_cidr_block_association_id": "",
            "ipv6_native": false,
            "map_customer_owned_ip_on_launch": false,
            "map_public_ip_on_launch": true,
            "outpost_arn": "",
            "owner_id": "537124953623",
            "private_dns_hostname_type_on_launch": "ip-name",
            "tags": {
              "Name": "accepter-vpc-public"
            },
            "tags_all": {
              "Name": "accepter-vpc-public"
            },
            "timeouts": null,
            "vpc_id": "vpc-06d281b4e94f1994a"
          },
          "sensitive_attributes": [],
          "private": "eyJlMmJmYjczMC1lY2FhLTExZTYtOGY4OC0zNDM2M2JjN2M0YzAiOnsiY3JlYXRlIjo2MDAwMDAwMDAwMDAsImRlbGV0ZSI6MTIwMDAwMDAwMDAwMH0sInNjaGVtYV92ZXJzaW9uIjoiMSJ9",
          "dependencies": [
            "module.vpc_accepter.aws_vpc.vpc"
          ]
        }
      ]
    },
    {
      "module": "module.vpc_accepter",
      "mode": "managed",
      "type": "aws_vpc",
      "name": "vpc",
      "provider": "provider[\"registry.terraform.io/hashicorp/aws\"]",
      "instances": [
        {
          "schema_version": 1,
          "attributes": {
            "arn": "arn:aws:ec2:us-east-1:537124953623:vpc/vpc-06d281b4e94f1994a",
            "assign_generated_ipv6_cidr_block": false,
            "cidr_block": "172.16.0.0/16",
            "default_network_acl_id": "acl-046d7b11b04da1c5e",
            "default_route_table_id": "rtb-096f934c8bad11290",
            "default_security_group_id": "sg-0711480fdb6b7c035",
            "dhcp_options_id": "dopt-088afe2c2501c9162",
            "enable_dns_hostnames": true,
            "enable_dns_support": true,
            "enable_network_address_usage_metrics": false,
            "id": "vpc-06d281b4e94f1994a",
            "instance_tenancy": "default",
            "ipv4_ipam_pool_id": null,
            "ipv4_netmask_length": null,
            "ipv6_association_id": "",
            "ipv6_cidr_block": "",
            "ipv6_cidr_block_network_border_group": "",
            "ipv6_ipam_pool_id": "",
            "ipv6_netmask_length": 0,
            "main_route_table_id": "rtb-096f934c8bad11290",
            "owner_id": "537124953623",
            "tags": {
              "Name": "accepter-vpc"
            },
            "tags_all": {
              "Name": "accepter-vpc"
            }
          },
          "sensitive_attributes": [],
          "private": "eyJzY2hlbWFfdmVyc2lvbiI6IjEifQ=="
        }
      ]
    },
    {
      "module": "module.vpc_peering",
      "mode": "managed",
      "type": "aws_route",
      "name": "accepter_route",
      "provider": "provider[\"registry.terraform.io/hashicorp/aws\"]",
      "instances": [
        {
          "schema_version": 0,
          "attributes": {
            "carrier_gateway_id": "",
            "core_network_arn": "",
            "destination_cidr_block": "10.0.0.0/16",
            "destination_ipv6_cidr_block": "",
            "destination_prefix_list_id": "",
            "egress_only_gateway_id": "",
            "gateway_id": "",
            "id": "r-rtb-0d6cfa4939c81752c179966490",
            "instance_id": "",
            "instance_owner_id": "",
            "local_gateway_id": "",
            "nat_gateway_id": "",
            "network_interface_id": "",
            "origin": "CreateRoute",
            "route_table_id": "rtb-0d6cfa4939c81752c",
            "state": "active",
            "timeouts": null,
            "transit_gateway_id": "",
            "vpc_endpoint_id": "",
            "vpc_peering_connection_id": "pcx-0d540642f0ba5b734"
          },
          "sensitive_attributes": [],
          "private": "eyJlMmJmYjczMC1lY2FhLTExZTYtOGY4OC0zNDM2M2JjN2M0YzAiOnsiY3JlYXRlIjozMDAwMDAwMDAwMDAsImRlbGV0ZSI6MzAwMDAwMDAwMDAwLCJ1cGRhdGUiOjEyMDAwMDAwMDAwMH19",
          "dependencies": [
            "module.vpc_accepter.aws_internet_gateway.igw",
            "module.vpc_accepter.aws_route_table.public",
            "module.vpc_accepter.aws_vpc.vpc",
            "module.vpc_peering.aws_vpc_peering_connection.peer",
            "module.vpc_requester.aws_vpc.vpc"
          ]
        }
      ]
    },
    {
      "module": "module.vpc_peering",
      "mode": "managed",
      "type": "aws_route",
      "name": "requester_route",
      "provider": "provider[\"registry.terraform.io/hashicorp/aws\"]",
      "instances": [
        {
          "schema_version": 0,
          "attributes": {
            "carrier_gateway_id": "",
            "core_network_arn": "",
            "destination_cidr_block": "172.16.0.0/16",
            "destination_ipv6_cidr_block": "",
            "destination_prefix_list_id": "",
            "egress_only_gateway_id": "",
            "gateway_id": "",
            "id": "r-rtb-0b20f95b7d8f980ca3246677288",
            "instance_id": "",
            "instance_owner_id": "",
            "local_gateway_id": "",
            "nat_gateway_id": "",
            "network_interface_id": "",
            "origin": "CreateRoute",
            "route_table_id": "rtb-0b20f95b7d8f980ca",
            "state": "active",
            "timeouts": null,
            "transit_gateway_id": "",
            "vpc_endpoint_id": "",
            "vpc_peering_connection_id": "pcx-0d540642f0ba5b734"
          },
          "sensitive_attributes": [],
          "private": "eyJlMmJmYjczMC1lY2FhLTExZTYtOGY4OC0zNDM2M2JjN2M0YzAiOnsiY3JlYXRlIjozMDAwMDAwMDAwMDAsImRlbGV0ZSI6MzAwMDAwMDAwMDAwLCJ1cGRhdGUiOjEyMDAwMDAwMDAwMH19",
          "dependencies": [
            "module.vpc_accepter.aws_vpc.vpc",
            "module.vpc_peering.aws_vpc_peering_connection.peer",
            "module.vpc_requester.aws_internet_gateway.igw",
            "module.vpc_requester.aws_route_table.public",
            "module.vpc_requester.aws_vpc.vpc"
          ]
        }
      ]
    },
    {
      "module": "module.vpc_peering",
      "mode": "managed",
      "type": "aws_vpc_peering_connection",
      "name": "peer",
      "provider": "provider[\"registry.terraform.io/hashicorp/aws\"]",
      "instances": [
        {
          "schema_version": 0,
          "attributes": {
            "accept_status": "active",
            "accepter": [
              {
                "allow_remote_vpc_dns_resolution": false
              }
            ],
            "auto_accept": true,
            "id": "pcx-0d540642f0ba5b734",
            "peer_owner_id": "537124953623",
            "peer_region": "us-east-1",
            "peer_vpc_id": "vpc-06d281b4e94f1994a",
            "requester": [
              {
                "allow_remote_vpc_dns_resolution": false
              }
            ],
            "tags": {
              "Name": "vpc-peer"
            },
            "tags_all": {
              "Name": "vpc-peer"
            },
            "timeouts": null,
            "vpc_id": "vpc-0d9b7dcadd079b515"
          },
          "sensitive_attributes": [],
          "private": "eyJlMmJmYjczMC1lY2FhLTExZTYtOGY4OC0zNDM2M2JjN2M0YzAiOnsiY3JlYXRlIjo2MDAwMDAwMDAwMCwiZGVsZXRlIjo2MDAwMDAwMDAwMCwidXBkYXRlIjo2MDAwMDAwMDAwMH19",
          "dependencies": [
            "module.vpc_accepter.aws_vpc.vpc",
            "module.vpc_requester.aws_vpc.vpc"
          ]
        }
      ]
    },
    {
      "module": "module.vpc_requester",
      "mode": "managed",
      "type": "aws_internet_gateway",
      "name": "igw",
      "provider": "provider[\"registry.terraform.io/hashicorp/aws\"]",
      "instances": [
        {
          "schema_version": 0,
          "attributes": {
            "arn": "arn:aws:ec2:us-east-1:537124953623:internet-gateway/igw-0aeca5fd6df2c7e8d",
            "id": "igw-0aeca5fd6df2c7e8d",
            "owner_id": "537124953623",
            "tags": {
              "Name": "requester-vpc-igw"
            },
            "tags_all": {
              "Name": "requester-vpc-igw"
            },
            "timeouts": null,
            "vpc_id": "vpc-0d9b7dcadd079b515"
          },
          "sensitive_attributes": [],
          "private": "eyJlMmJmYjczMC1lY2FhLTExZTYtOGY4OC0zNDM2M2JjN2M0YzAiOnsiY3JlYXRlIjoxMjAwMDAwMDAwMDAwLCJkZWxldGUiOjEyMDAwMDAwMDAwMDAsInVwZGF0ZSI6MTIwMDAwMDAwMDAwMH19",
          "dependencies": [
            "module.vpc_requester.aws_vpc.vpc"
          ]
        }
      ]
    },
    {
      "module": "module.vpc_requester",
      "mode": "managed",
      "type": "aws_route_table",
      "name": "public",
      "provider": "provider[\"registry.terraform.io/hashicorp/aws\"]",
      "instances": [
        {
          "schema_version": 0,
          "attributes": {
            "arn": "arn:aws:ec2:us-east-1:537124953623:route-table/rtb-0b20f95b7d8f980ca",
            "id": "rtb-0b20f95b7d8f980ca",
            "owner_id": "537124953623",
            "propagating_vgws": [],
            "route": [
              {
                "carrier_gateway_id": "",
                "cidr_block": "0.0.0.0/0",
                "core_network_arn": "",
                "destination_prefix_list_id": "",
                "egress_only_gateway_id": "",
                "gateway_id": "igw-0aeca5fd6df2c7e8d",
                "ipv6_cidr_block": "",
                "local_gateway_id": "",
                "nat_gateway_id": "",
                "network_interface_id": "",
                "transit_gateway_id": "",
                "vpc_endpoint_id": "",
                "vpc_peering_connection_id": ""
              }
            ],
            "tags": {
              "Name": "requester-vpc-public-rt"
            },
            "tags_all": {
              "Name": "requester-vpc-public-rt"
            },
            "timeouts": null,
            "vpc_id": "vpc-0d9b7dcadd079b515"
          },
          "sensitive_attributes": [],
          "private": "eyJlMmJmYjczMC1lY2FhLTExZTYtOGY4OC0zNDM2M2JjN2M0YzAiOnsiY3JlYXRlIjozMDAwMDAwMDAwMDAsImRlbGV0ZSI6MzAwMDAwMDAwMDAwLCJ1cGRhdGUiOjEyMDAwMDAwMDAwMH19",
          "dependencies": [
            "module.vpc_requester.aws_internet_gateway.igw",
            "module.vpc_requester.aws_vpc.vpc"
          ]
        }
      ]
    },
    {
      "module": "module.vpc_requester",
      "mode": "managed",
      "type": "aws_route_table_association",
      "name": "public",
      "provider": "provider[\"registry.terraform.io/hashicorp/aws\"]",
      "instances": [
        {
          "schema_version": 0,
          "attributes": {
            "gateway_id": "",
            "id": "rtbassoc-0d39fb29ec06a0e10",
            "route_table_id": "rtb-0b20f95b7d8f980ca",
            "subnet_id": "subnet-04b577a87dad500ea",
            "timeouts": null
          },
          "sensitive_attributes": [],
          "private": "eyJlMmJmYjczMC1lY2FhLTExZTYtOGY4OC0zNDM2M2JjN2M0YzAiOnsiY3JlYXRlIjozMDAwMDAwMDAwMDAsImRlbGV0ZSI6MzAwMDAwMDAwMDAwLCJ1cGRhdGUiOjEyMDAwMDAwMDAwMH19",
          "dependencies": [
            "module.vpc_requester.aws_internet_gateway.igw",
            "module.vpc_requester.aws_route_table.public",
            "module.vpc_requester.aws_subnet.public_subnet",
            "module.vpc_requester.aws_vpc.vpc"
          ]
        }
      ]
    },
    {
      "module": "module.vpc_requester",
      "mode": "managed",
      "type": "aws_subnet",
      "name": "public_subnet",
      "provider": "provider[\"registry.terraform.io/hashicorp/aws\"]",
      "instances": [
        {
          "schema_version": 1,
          "attributes": {
            "arn": "arn:aws:ec2:us-east-1:537124953623:subnet/subnet-04b577a87dad500ea",
            "assign_ipv6_address_on_creation": false,
            "availability_zone": "us-east-1a",
            "availability_zone_id": "use1-az2",
            "cidr_block": "10.0.1.0/24",
            "customer_owned_ipv4_pool": "",
            "enable_dns64": false,
            "enable_lni_at_device_index": 0,
            "enable_resource_name_dns_a_record_on_launch": false,
            "enable_resource_name_dns_aaaa_record_on_launch": false,
            "id": "subnet-04b577a87dad500ea",
            "ipv6_cidr_block": "",
            "ipv6_cidr_block_association_id": "",
            "ipv6_native": false,
            "map_customer_owned_ip_on_launch": false,
            "map_public_ip_on_launch": true,
            "outpost_arn": "",
            "owner_id": "537124953623",
            "private_dns_hostname_type_on_launch": "ip-name",
            "tags": {
              "Name": "requester-vpc-public"
            },
            "tags_all": {
              "Name": "requester-vpc-public"
            },
            "timeouts": null,
            "vpc_id": "vpc-0d9b7dcadd079b515"
          },
          "sensitive_attributes": [],
          "private": "eyJlMmJmYjczMC1lY2FhLTExZTYtOGY4OC0zNDM2M2JjN2M0YzAiOnsiY3JlYXRlIjo2MDAwMDAwMDAwMDAsImRlbGV0ZSI6MTIwMDAwMDAwMDAwMH0sInNjaGVtYV92ZXJzaW9uIjoiMSJ9",
          "dependencies": [
            "module.vpc_requester.aws_vpc.vpc"
          ]
        }
      ]
    },
    {
      "module": "module.vpc_requester",
      "mode": "managed",
      "type": "aws_vpc",
      "name": "vpc",
      "provider": "provider[\"registry.terraform.io/hashicorp/aws\"]",
      "instances": [
        {
          "schema_version": 1,
          "attributes": {
            "arn": "arn:aws:ec2:us-east-1:537124953623:vpc/vpc-0d9b7dcadd079b515",
            "assign_generated_ipv6_cidr_block": false,
            "cidr_block": "10.0.0.0/16",
            "default_network_acl_id": "acl-056c672a8e8479f2c",
            "default_route_table_id": "rtb-075e178cfb2e079ba",
            "default_security_group_id": "sg-05ec850c08154e457",
            "dhcp_options_id": "dopt-088afe2c2501c9162",
            "enable_dns_hostnames": true,
            "enable_dns_support": true,
            "enable_network_address_usage_metrics": false,
            "id": "vpc-0d9b7dcadd079b515",
            "instance_tenancy": "default",
            "ipv4_ipam_pool_id": null,
            "ipv4_netmask_length": null,
            "ipv6_association_id": "",
            "ipv6_cidr_block": "",
            "ipv6_cidr_block_network_border_group": "",
            "ipv6_ipam_pool_id": "",
            "ipv6_netmask_length": 0,
            "main_route_table_id": "rtb-075e178cfb2e079ba",
            "owner_id": "537124953623",
            "tags": {
              "Name": "requester-vpc"
            },
            "tags_all": {
              "Name": "requester-vpc"
            }
          },
          "sensitive_attributes": [],
          "private": "eyJzY2hlbWFfdmVyc2lvbiI6IjEifQ=="
        }
      ]
    }
  ],
  "check_results": null
}
