{
  "version": 4,
  "terraform_version": "1.9.7",
  "serial": 180,
  "lineage": "bcd372d2-2196-ffba-59bc-576991f818c1",
  "outputs": {
    "cloudfront_distribution_arn": {
      "value": "arn:aws:cloudfront::537124953623:distribution/E2K0DTEYSNVWW3",
      "type": "string"
    },
    "cloudfront_domain_name": {
      "value": "d1mjjit3kq7d8z.cloudfront.net",
      "type": "string"
    },
    "random_suffix": {
      "value": "ldj5c4mo",
      "type": "string"
    },
    "video_bucket_domain": {
      "value": "my-video-bucket-ldj5c4mo.s3.us-east-1.amazonaws.com",
      "type": "string"
    },
    "video_bucket_name": {
      "value": "my-video-bucket-ldj5c4mo",
      "type": "string"
    },
    "website_bucket_name": {
      "value": "my-website-bucket-ldj5c4mo",
      "type": "string"
    },
    "website_endpoint": {
      "value": "my-website-bucket-ldj5c4mo.s3-website-us-east-1.amazonaws.com",
      "type": "string"
    }
  },
  "resources": [
    {
      "mode": "managed",
      "type": "aws_cloudfront_distribution",
      "name": "video_distribution",
      "provider": "provider[\"registry.terraform.io/hashicorp/aws\"]",
      "instances": [
        {
          "schema_version": 1,
          "attributes": {
            "aliases": null,
            "arn": "arn:aws:cloudfront::537124953623:distribution/E2K0DTEYSNVWW3",
            "caller_reference": "terraform-20241228215233830400000001",
            "comment": null,
            "continuous_deployment_policy_id": "",
            "custom_error_response": [],
            "default_cache_behavior": [
              {
                "allowed_methods": [
                  "GET",
                  "HEAD"
                ],
                "cache_policy_id": "",
                "cached_methods": [
                  "GET",
                  "HEAD"
                ],
                "compress": true,
                "default_ttl": 3600,
                "field_level_encryption_id": "",
                "forwarded_values": [
                  {
                    "cookies": [
                      {
                        "forward": "none",
                        "whitelisted_names": []
                      }
                    ],
                    "headers": [],
                    "query_string": false,
                    "query_string_cache_keys": []
                  }
                ],
                "function_association": [],
                "lambda_function_association": [],
                "max_ttl": 86400,
                "min_ttl": 0,
                "origin_request_policy_id": "",
                "realtime_log_config_arn": "",
                "response_headers_policy_id": "",
                "smooth_streaming": false,
                "target_origin_id": "S3-website",
                "trusted_key_groups": [],
                "trusted_signers": [],
                "viewer_protocol_policy": "redirect-to-https"
              }
            ],
            "default_root_object": "",
            "domain_name": "d1mjjit3kq7d8z.cloudfront.net",
            "enabled": true,
            "etag": "ENFIDG9K19189",
            "hosted_zone_id": "Z2FDTNDATAQYW2",
            "http_version": "http2",
            "id": "E2K0DTEYSNVWW3",
            "in_progress_validation_batches": 0,
            "is_ipv6_enabled": true,
            "last_modified_time": "2024-12-28 21:52:34.627 +0000 UTC",
            "logging_config": [],
            "ordered_cache_behavior": [
              {
                "allowed_methods": [
                  "GET",
                  "HEAD"
                ],
                "cache_policy_id": "",
                "cached_methods": [
                  "GET",
                  "HEAD"
                ],
                "compress": true,
                "default_ttl": 3600,
                "field_level_encryption_id": "",
                "forwarded_values": [
                  {
                    "cookies": [
                      {
                        "forward": "none",
                        "whitelisted_names": null
                      }
                    ],
                    "headers": [],
                    "query_string": false,
                    "query_string_cache_keys": []
                  }
                ],
                "function_association": [],
                "lambda_function_association": [],
                "max_ttl": 86400,
                "min_ttl": 0,
                "origin_request_policy_id": "",
                "path_pattern": "*.mp4",
                "realtime_log_config_arn": "",
                "response_headers_policy_id": "",
                "smooth_streaming": false,
                "target_origin_id": "S3-Video",
                "trusted_key_groups": null,
                "trusted_signers": null,
                "viewer_protocol_policy": "redirect-to-https"
              }
            ],
            "origin": [
              {
                "connection_attempts": 3,
                "connection_timeout": 10,
                "custom_header": [],
                "custom_origin_config": [],
                "domain_name": "my-video-bucket-ldj5c4mo.s3.us-east-1.amazonaws.com",
                "origin_access_control_id": "EXN633WC2DME7",
                "origin_id": "S3-Video",
                "origin_path": "",
                "origin_shield": [],
                "s3_origin_config": [],
                "vpc_origin_config": []
              },
              {
                "connection_attempts": 3,
                "connection_timeout": 10,
                "custom_header": [],
                "custom_origin_config": [],
                "domain_name": "my-website-bucket-ldj5c4mo.s3.us-east-1.amazonaws.com",
                "origin_access_control_id": "E24Y29AC6NUDYN",
                "origin_id": "S3-website",
                "origin_path": "",
                "origin_shield": [],
                "s3_origin_config": [],
                "vpc_origin_config": []
              }
            ],
            "origin_group": [],
            "price_class": "PriceClass_All",
            "restrictions": [
              {
                "geo_restriction": [
                  {
                    "locations": [],
                    "restriction_type": "none"
                  }
                ]
              }
            ],
            "retain_on_delete": false,
            "staging": false,
            "status": "Deployed",
            "tags": {
              "Environment": "Test",
              "Project": "VideoWebsite"
            },
            "tags_all": {
              "Environment": "Test",
              "Project": "VideoWebsite"
            },
            "trusted_key_groups": [
              {
                "enabled": false,
                "items": []
              }
            ],
            "trusted_signers": [
              {
                "enabled": false,
                "items": []
              }
            ],
            "viewer_certificate": [
              {
                "acm_certificate_arn": "",
                "cloudfront_default_certificate": true,
                "iam_certificate_id": "",
                "minimum_protocol_version": "TLSv1",
                "ssl_support_method": ""
              }
            ],
            "wait_for_deployment": true,
            "web_acl_id": ""
          },
          "sensitive_attributes": [],
          "private": "eyJzY2hlbWFfdmVyc2lvbiI6IjEifQ==",
          "dependencies": [
            "module.video_bucket.aws_cloudfront_origin_access_control.video",
            "module.video_bucket.aws_s3_bucket.video",
            "module.website_bucket.aws_cloudfront_origin_access_control.website",
            "module.website_bucket.aws_s3_bucket.website",
            "random_string.bucket_suffix"
          ]
        }
      ]
    },
    {
      "mode": "managed",
      "type": "aws_s3_bucket_cors_configuration",
      "name": "video_bucket",
      "provider": "provider[\"registry.terraform.io/hashicorp/aws\"]",
      "instances": [
        {
          "schema_version": 0,
          "attributes": {
            "bucket": "my-video-bucket-ldj5c4mo",
            "cors_rule": [
              {
                "allowed_headers": [
                  "*"
                ],
                "allowed_methods": [
                  "GET",
                  "HEAD"
                ],
                "allowed_origins": [
                  "https://d1mjjit3kq7d8z.cloudfront.net"
                ],
                "expose_headers": [
                  "ETag"
                ],
                "id": "",
                "max_age_seconds": 3000
              }
            ],
            "expected_bucket_owner": "",
            "id": "my-video-bucket-ldj5c4mo"
          },
          "sensitive_attributes": [],
          "private": "bnVsbA==",
          "dependencies": [
            "aws_cloudfront_distribution.video_distribution",
            "module.video_bucket.aws_cloudfront_origin_access_control.video",
            "module.video_bucket.aws_s3_bucket.video",
            "module.website_bucket.aws_cloudfront_origin_access_control.website",
            "module.website_bucket.aws_s3_bucket.website",
            "random_string.bucket_suffix"
          ]
        }
      ]
    },
    {
      "mode": "managed",
      "type": "aws_s3_bucket_policy",
      "name": "video_bucket_policy",
      "provider": "provider[\"registry.terraform.io/hashicorp/aws\"]",
      "instances": [
        {
          "schema_version": 0,
          "attributes": {
            "bucket": "my-video-bucket-ldj5c4mo",
            "id": "my-video-bucket-ldj5c4mo",
            "policy": "{\"Statement\":[{\"Action\":\"s3:GetObject\",\"Condition\":{\"StringEquals\":{\"AWS:SourceArn\":\"arn:aws:cloudfront::537124953623:distribution/E2K0DTEYSNVWW3\"}},\"Effect\":\"Allow\",\"Principal\":{\"Service\":\"cloudfront.amazonaws.com\"},\"Resource\":\"arn:aws:s3:::my-video-bucket-ldj5c4mo/*\",\"Sid\":\"AllowCloudFrontServicePrincipal\"}],\"Version\":\"2012-10-17\"}"
          },
          "sensitive_attributes": [],
          "private": "bnVsbA==",
          "dependencies": [
            "aws_cloudfront_distribution.video_distribution",
            "module.video_bucket.aws_cloudfront_origin_access_control.video",
            "module.video_bucket.aws_s3_bucket.video",
            "module.website_bucket.aws_cloudfront_origin_access_control.website",
            "module.website_bucket.aws_s3_bucket.website",
            "random_string.bucket_suffix"
          ]
        }
      ]
    },
    {
      "mode": "managed",
      "type": "aws_s3_bucket_policy",
      "name": "website",
      "provider": "provider[\"registry.terraform.io/hashicorp/aws\"]",
      "instances": [
        {
          "schema_version": 0,
          "attributes": {
            "bucket": "my-website-bucket-ldj5c4mo",
            "id": "my-website-bucket-ldj5c4mo",
            "policy": "{\"Statement\":[{\"Action\":\"s3:GetObject\",\"Condition\":{\"StringEquals\":{\"AWS:SourceArn\":\"arn:aws:cloudfront::537124953623:distribution/E2K0DTEYSNVWW3\"}},\"Effect\":\"Allow\",\"Principal\":\"*\",\"Resource\":\"arn:aws:s3:::my-website-bucket-ldj5c4mo/*\",\"Sid\":\"AllowCloudFrontServicePrincipal\"}],\"Version\":\"2012-10-17\"}"
          },
          "sensitive_attributes": [],
          "private": "bnVsbA==",
          "dependencies": [
            "aws_cloudfront_distribution.video_distribution",
            "module.video_bucket.aws_cloudfront_origin_access_control.video",
            "module.video_bucket.aws_s3_bucket.video",
            "module.website_bucket.aws_cloudfront_origin_access_control.website",
            "module.website_bucket.aws_s3_bucket.website",
            "random_string.bucket_suffix"
          ]
        }
      ]
    },
    {
      "mode": "managed",
      "type": "aws_s3_object",
      "name": "index_html",
      "provider": "provider[\"registry.terraform.io/hashicorp/aws\"]",
      "instances": [
        {
          "schema_version": 0,
          "attributes": {
            "acl": null,
            "arn": "arn:aws:s3:::my-website-bucket-ldj5c4mo/index.html",
            "bucket": "my-website-bucket-ldj5c4mo",
            "bucket_key_enabled": false,
            "cache_control": "",
            "checksum_algorithm": null,
            "checksum_crc32": "",
            "checksum_crc32c": "",
            "checksum_sha1": "",
            "checksum_sha256": "",
            "content": "\u003c!DOCTYPE html\u003e\r\n\u003chtml lang=\"en\"\u003e\r\n\u003chead\u003e\r\n  \u003cmeta charset=\"UTF-8\"\u003e\r\n  \u003cmeta name=\"viewport\" content=\"width=device-width, initial-scale=1.0\"\u003e\r\n  \u003ctitle\u003eVideo Streaming Page\u003c/title\u003e\r\n  \u003clink rel=\"stylesheet\" href=\"style.css\"\u003e\r\n\u003c/head\u003e\r\n\u003cbody\u003e\r\n  \u003cheader class=\"header\"\u003e\r\n    \u003ch1\u003eMy Video Streaming Page\u003c/h1\u003e\r\n  \u003c/header\u003e\r\n\r\n  \u003cmain class=\"main-content\"\u003e\r\n    \u003csection class=\"video-section\"\u003e\r\n        \u003cvideo id=\"video-player\" controls width=\"100%\" height=\"auto\"\u003e\r\n          \u003csource src=\"https://d1mjjit3kq7d8z.cloudfront.net/video.mp4\" type=\"video/mp4\"\u003e\r\n            Your browser does not support the video tag.\r\n        \u003c/video\u003e\r\n    \u003c/section\u003e\r\n    \u003csection class=\"description\"\u003e\r\n      \u003ch2\u003eAbout this Video\u003c/h2\u003e\r\n      \u003cp\u003e\r\n        This is a sample video streamed directly from AWS S3 using CORS. Enjoy the seamless viewing experience!\r\n      \u003c/p\u003e\r\n    \u003c/section\u003e\r\n  \u003c/main\u003e\r\n\r\n\u003cscript\u003e\r\n document.addEventListener('DOMContentLoaded', function() {\r\n            const videoPlayer = document.getElementById('video-player');\r\n            \r\n            // Add error handling\r\n            videoPlayer.onerror = function() {\r\n                console.error('Video error:', videoPlayer.error);\r\n                console.error('Video URL:', videoPlayer.querySelector('source').src);\r\n            };\r\n\r\n            // Add load success handling\r\n            videoPlayer.onloadeddata = function() {\r\n                console.log('Video loaded successfully');\r\n            };\r\n        });\r\n\u003c/script\u003e\r\n  \u003cfooter class=\"footer\"\u003e\r\n    \u003cp\u003e\u0026copy; 2024 My Video Webpage\u003c/p\u003e\r\n  \u003c/footer\u003e\r\n\u003c/body\u003e\r\n\u003c/html\u003e\r\n",
            "content_base64": null,
            "content_disposition": "",
            "content_encoding": "",
            "content_language": "",
            "content_type": "text/html",
            "etag": "cde551fd1dfa848205591e25350750b4",
            "force_destroy": false,
            "id": "index.html",
            "key": "index.html",
            "kms_key_id": null,
            "metadata": null,
            "object_lock_legal_hold_status": "",
            "object_lock_mode": "",
            "object_lock_retain_until_date": "",
            "override_provider": [],
            "server_side_encryption": "AES256",
            "source": null,
            "source_hash": null,
            "storage_class": "STANDARD",
            "tags": null,
            "tags_all": {},
            "version_id": "",
            "website_redirect": ""
          },
          "sensitive_attributes": [],
          "private": "bnVsbA==",
          "dependencies": [
            "aws_cloudfront_distribution.video_distribution",
            "module.video_bucket.aws_cloudfront_origin_access_control.video",
            "module.video_bucket.aws_s3_bucket.video",
            "module.website_bucket.aws_cloudfront_origin_access_control.website",
            "module.website_bucket.aws_s3_bucket.website",
            "module.website_bucket.aws_s3_bucket_public_access_block.website",
            "module.website_bucket.aws_s3_bucket_website_configuration.website",
            "module.website_bucket.aws_s3_object.static_files",
            "random_string.bucket_suffix"
          ]
        }
      ]
    },
    {
      "mode": "managed",
      "type": "random_string",
      "name": "bucket_suffix",
      "provider": "provider[\"registry.terraform.io/hashicorp/random\"]",
      "instances": [
        {
          "schema_version": 2,
          "attributes": {
            "id": "ldj5c4mo",
            "keepers": null,
            "length": 8,
            "lower": true,
            "min_lower": 0,
            "min_numeric": 0,
            "min_special": 0,
            "min_upper": 0,
            "number": true,
            "numeric": true,
            "override_special": null,
            "result": "ldj5c4mo",
            "special": false,
            "upper": false
          },
          "sensitive_attributes": []
        }
      ]
    },
    {
      "module": "module.video_bucket",
      "mode": "managed",
      "type": "aws_cloudfront_origin_access_control",
      "name": "video",
      "provider": "provider[\"registry.terraform.io/hashicorp/aws\"]",
      "instances": [
        {
          "schema_version": 0,
          "attributes": {
            "description": "OAC for my-video-bucket-ldj5c4mo",
            "etag": "ETVPDKIKX0DER",
            "id": "EXN633WC2DME7",
            "name": "my-video-bucket-ldj5c4mo-oac",
            "origin_access_control_origin_type": "s3",
            "signing_behavior": "always",
            "signing_protocol": "sigv4"
          },
          "sensitive_attributes": [],
          "private": "bnVsbA==",
          "dependencies": [
            "random_string.bucket_suffix"
          ]
        }
      ]
    },
    {
      "module": "module.video_bucket",
      "mode": "managed",
      "type": "aws_s3_bucket",
      "name": "video",
      "provider": "provider[\"registry.terraform.io/hashicorp/aws\"]",
      "instances": [
        {
          "schema_version": 0,
          "attributes": {
            "acceleration_status": "",
            "acl": null,
            "arn": "arn:aws:s3:::my-video-bucket-ldj5c4mo",
            "bucket": "my-video-bucket-ldj5c4mo",
            "bucket_domain_name": "my-video-bucket-ldj5c4mo.s3.amazonaws.com",
            "bucket_prefix": "",
            "bucket_regional_domain_name": "my-video-bucket-ldj5c4mo.s3.us-east-1.amazonaws.com",
            "cors_rule": [],
            "force_destroy": false,
            "grant": [
              {
                "id": "e7342f47bb514317bb6a37cab2854a59642bcc15e3966ba12972dc44f45421e7",
                "permissions": [
                  "FULL_CONTROL"
                ],
                "type": "CanonicalUser",
                "uri": ""
              }
            ],
            "hosted_zone_id": "Z3AQBSTGFYJSTF",
            "id": "my-video-bucket-ldj5c4mo",
            "lifecycle_rule": [],
            "logging": [],
            "object_lock_configuration": [],
            "object_lock_enabled": false,
            "policy": "",
            "region": "us-east-1",
            "replication_configuration": [],
            "request_payer": "BucketOwner",
            "server_side_encryption_configuration": [
              {
                "rule": [
                  {
                    "apply_server_side_encryption_by_default": [
                      {
                        "kms_master_key_id": "",
                        "sse_algorithm": "AES256"
                      }
                    ],
                    "bucket_key_enabled": false
                  }
                ]
              }
            ],
            "tags": {
              "Environment": "Test",
              "Project": "VideoWebsite"
            },
            "tags_all": {
              "Environment": "Test",
              "Project": "VideoWebsite"
            },
            "timeouts": null,
            "versioning": [
              {
                "enabled": false,
                "mfa_delete": false
              }
            ],
            "website": [],
            "website_domain": null,
            "website_endpoint": null
          },
          "sensitive_attributes": [],
          "private": "eyJlMmJmYjczMC1lY2FhLTExZTYtOGY4OC0zNDM2M2JjN2M0YzAiOnsiY3JlYXRlIjoxMjAwMDAwMDAwMDAwLCJkZWxldGUiOjM2MDAwMDAwMDAwMDAsInJlYWQiOjEyMDAwMDAwMDAwMDAsInVwZGF0ZSI6MTIwMDAwMDAwMDAwMH19",
          "dependencies": [
            "random_string.bucket_suffix"
          ]
        }
      ]
    },
    {
      "module": "module.video_bucket",
      "mode": "managed",
      "type": "aws_s3_bucket_public_access_block",
      "name": "video",
      "provider": "provider[\"registry.terraform.io/hashicorp/aws\"]",
      "instances": [
        {
          "schema_version": 0,
          "attributes": {
            "block_public_acls": true,
            "block_public_policy": true,
            "bucket": "my-video-bucket-ldj5c4mo",
            "id": "my-video-bucket-ldj5c4mo",
            "ignore_public_acls": true,
            "restrict_public_buckets": true
          },
          "sensitive_attributes": [],
          "private": "bnVsbA==",
          "dependencies": [
            "module.video_bucket.aws_s3_bucket.video",
            "random_string.bucket_suffix"
          ]
        }
      ]
    },
    {
      "module": "module.website_bucket",
      "mode": "managed",
      "type": "aws_cloudfront_origin_access_control",
      "name": "website",
      "provider": "provider[\"registry.terraform.io/hashicorp/aws\"]",
      "instances": [
        {
          "schema_version": 0,
          "attributes": {
            "description": "OAC for my-website-bucket-ldj5c4mo",
            "etag": "ETVPDKIKX0DER",
            "id": "E24Y29AC6NUDYN",
            "name": "my-website-bucket-ldj5c4mo-oac",
            "origin_access_control_origin_type": "s3",
            "signing_behavior": "always",
            "signing_protocol": "sigv4"
          },
          "sensitive_attributes": [],
          "private": "bnVsbA==",
          "dependencies": [
            "random_string.bucket_suffix"
          ]
        }
      ]
    },
    {
      "module": "module.website_bucket",
      "mode": "managed",
      "type": "aws_s3_bucket",
      "name": "website",
      "provider": "provider[\"registry.terraform.io/hashicorp/aws\"]",
      "instances": [
        {
          "schema_version": 0,
          "attributes": {
            "acceleration_status": "",
            "acl": null,
            "arn": "arn:aws:s3:::my-website-bucket-ldj5c4mo",
            "bucket": "my-website-bucket-ldj5c4mo",
            "bucket_domain_name": "my-website-bucket-ldj5c4mo.s3.amazonaws.com",
            "bucket_prefix": "",
            "bucket_regional_domain_name": "my-website-bucket-ldj5c4mo.s3.us-east-1.amazonaws.com",
            "cors_rule": [],
            "force_destroy": false,
            "grant": [
              {
                "id": "e7342f47bb514317bb6a37cab2854a59642bcc15e3966ba12972dc44f45421e7",
                "permissions": [
                  "FULL_CONTROL"
                ],
                "type": "CanonicalUser",
                "uri": ""
              }
            ],
            "hosted_zone_id": "Z3AQBSTGFYJSTF",
            "id": "my-website-bucket-ldj5c4mo",
            "lifecycle_rule": [],
            "logging": [],
            "object_lock_configuration": [],
            "object_lock_enabled": false,
            "policy": "",
            "region": "us-east-1",
            "replication_configuration": [],
            "request_payer": "BucketOwner",
            "server_side_encryption_configuration": [
              {
                "rule": [
                  {
                    "apply_server_side_encryption_by_default": [
                      {
                        "kms_master_key_id": "",
                        "sse_algorithm": "AES256"
                      }
                    ],
                    "bucket_key_enabled": false
                  }
                ]
              }
            ],
            "tags": {
              "Environment": "Test",
              "Project": "VideoWebsite"
            },
            "tags_all": {
              "Environment": "Test",
              "Project": "VideoWebsite"
            },
            "timeouts": null,
            "versioning": [
              {
                "enabled": false,
                "mfa_delete": false
              }
            ],
            "website": [],
            "website_domain": null,
            "website_endpoint": null
          },
          "sensitive_attributes": [],
          "private": "eyJlMmJmYjczMC1lY2FhLTExZTYtOGY4OC0zNDM2M2JjN2M0YzAiOnsiY3JlYXRlIjoxMjAwMDAwMDAwMDAwLCJkZWxldGUiOjM2MDAwMDAwMDAwMDAsInJlYWQiOjEyMDAwMDAwMDAwMDAsInVwZGF0ZSI6MTIwMDAwMDAwMDAwMH19",
          "dependencies": [
            "random_string.bucket_suffix"
          ]
        }
      ]
    },
    {
      "module": "module.website_bucket",
      "mode": "managed",
      "type": "aws_s3_bucket_public_access_block",
      "name": "website",
      "provider": "provider[\"registry.terraform.io/hashicorp/aws\"]",
      "instances": [
        {
          "schema_version": 0,
          "attributes": {
            "block_public_acls": true,
            "block_public_policy": true,
            "bucket": "my-website-bucket-ldj5c4mo",
            "id": "my-website-bucket-ldj5c4mo",
            "ignore_public_acls": true,
            "restrict_public_buckets": true
          },
          "sensitive_attributes": [],
          "private": "bnVsbA==",
          "dependencies": [
            "module.website_bucket.aws_s3_bucket.website",
            "random_string.bucket_suffix"
          ]
        }
      ]
    },
    {
      "module": "module.website_bucket",
      "mode": "managed",
      "type": "aws_s3_bucket_website_configuration",
      "name": "website",
      "provider": "provider[\"registry.terraform.io/hashicorp/aws\"]",
      "instances": [
        {
          "schema_version": 0,
          "attributes": {
            "bucket": "my-website-bucket-ldj5c4mo",
            "error_document": [
              {
                "key": "error.html"
              }
            ],
            "expected_bucket_owner": "",
            "id": "my-website-bucket-ldj5c4mo",
            "index_document": [
              {
                "suffix": "index.html"
              }
            ],
            "redirect_all_requests_to": [],
            "routing_rule": [],
            "routing_rules": "",
            "website_domain": "s3-website-us-east-1.amazonaws.com",
            "website_endpoint": "my-website-bucket-ldj5c4mo.s3-website-us-east-1.amazonaws.com"
          },
          "sensitive_attributes": [],
          "private": "bnVsbA==",
          "dependencies": [
            "module.website_bucket.aws_s3_bucket.website",
            "random_string.bucket_suffix"
          ]
        }
      ]
    },
    {
      "module": "module.website_bucket",
      "mode": "managed",
      "type": "aws_s3_object",
      "name": "static_files",
      "provider": "provider[\"registry.terraform.io/hashicorp/aws\"]",
      "instances": [
        {
          "index_key": "style.css",
          "schema_version": 0,
          "attributes": {
            "acl": null,
            "arn": "arn:aws:s3:::my-website-bucket-ldj5c4mo/style.css",
            "bucket": "my-website-bucket-ldj5c4mo",
            "bucket_key_enabled": false,
            "cache_control": "max-age=86400",
            "checksum_algorithm": null,
            "checksum_crc32": "",
            "checksum_crc32c": "",
            "checksum_sha1": "",
            "checksum_sha256": "",
            "content": null,
            "content_base64": null,
            "content_disposition": "",
            "content_encoding": "",
            "content_language": "",
            "content_type": "text/css",
            "etag": "4a76555191cd97336b81038b19ccd698",
            "force_destroy": false,
            "id": "style.css",
            "key": "style.css",
            "kms_key_id": null,
            "metadata": null,
            "object_lock_legal_hold_status": "",
            "object_lock_mode": "",
            "object_lock_retain_until_date": "",
            "override_provider": [],
            "server_side_encryption": "AES256",
            "source": "./static/style.css",
            "source_hash": null,
            "storage_class": "STANDARD",
            "tags": null,
            "tags_all": {},
            "version_id": "",
            "website_redirect": ""
          },
          "sensitive_attributes": [],
          "private": "bnVsbA==",
          "dependencies": [
            "module.website_bucket.aws_s3_bucket.website",
            "random_string.bucket_suffix"
          ]
        }
      ]
    }
  ],
  "check_results": null
}
